// !$*UTF8*$!
{
	archiveVersion = 1;
	classes = {
	};
	objectVersion = 77;
	objects = {

/* Begin PBXBuildFile section */
		A15DB17C2EBEB09300442C62 /* AudioAnalysisPackage in Frameworks */ = {isa = PBXBuildFile; productRef = A15DB17B2EBEB09300442C62 /* AudioAnalysisPackage */; };
		A16B2EC12EB2D9D6000F6D7B /* MobileNetV2Package in Frameworks */ = {isa = PBXBuildFile; productRef = A16B2EC02EB2D9D6000F6D7B /* MobileNetV2Package */; };
		A198E9322EB2ED840035C56A /* SentimentAnalysisPackage in Frameworks */ = {isa = PBXBuildFile; productRef = A198E9312EB2ED840035C56A /* SentimentAnalysisPackage */; };
		A1A5BA3D2EC6608C0038101F /* TranslationPackage in Frameworks */ = {isa = PBXBuildFile; productRef = A1A5BA3C2EC6608C0038101F /* TranslationPackage */; };
		A1BA227A2EB2FE5800EC5EB5 /* MobileNetV2Package in Frameworks */ = {isa = PBXBuildFile; productRef = A16B2EBE2EB2D95B000F6D7B /* MobileNetV2Package */; };
		A1BA22A02EB3022000EC5EB5 /* XCTest.framework in Frameworks */ = {isa = PBXBuildFile; fileRef = A16D5CCB2EB2F7B1009D1278 /* XCTest.framework */; platformFilter = ios; };
/* End PBXBuildFile section */

/* Begin PBXContainerItemProxy section */
		A16D5CC32EB2F65A009D1278 /* PBXContainerItemProxy */ = {
			isa = PBXContainerItemProxy;
			containerPortal = A16B2E8B2EB2D861000F6D7B /* Project object */;
			proxyType = 1;
			remoteGlobalIDString = A16B2E922EB2D861000F6D7B;
			remoteInfo = MLInsight;
		};
/* End PBXContainerItemProxy section */

/* Begin PBXFileReference section */
		A16B2E932EB2D861000F6D7B /* MLInsight.app */ = {isa = PBXFileReference; explicitFileType = wrapper.application; includeInIndex = 0; path = MLInsight.app; sourceTree = BUILT_PRODUCTS_DIR; };
		A16D5CBF2EB2F65A009D1278 /* MLInsightTests.xctest */ = {isa = PBXFileReference; explicitFileType = wrapper.cfbundle; includeInIndex = 0; path = MLInsightTests.xctest; sourceTree = BUILT_PRODUCTS_DIR; };
		A16D5CCB2EB2F7B1009D1278 /* XCTest.framework */ = {isa = PBXFileReference; lastKnownFileType = wrapper.framework; name = XCTest.framework; path = Platforms/iPhoneOS.platform/Developer/Library/Frameworks/XCTest.framework; sourceTree = DEVELOPER_DIR; };
/* End PBXFileReference section */

/* Begin PBXFileSystemSynchronizedBuildFileExceptionSet section */
		A16D5CC92EB2F66D009D1278 /* Exceptions for "MLInsightTests" folder in "MLInsightTests" target */ = {
			isa = PBXFileSystemSynchronizedBuildFileExceptionSet;
			membershipExceptions = (
				Info.plist,
			);
			target = A16D5CBE2EB2F65A009D1278 /* MLInsightTests */;
		};
		A1BA229E2EB2FECA00EC5EB5 /* Exceptions for "MLInsight" folder in "MLInsight" target */ = {
			isa = PBXFileSystemSynchronizedBuildFileExceptionSet;
			membershipExceptions = (
				Info.plist,
			);
			target = A16B2E922EB2D861000F6D7B /* MLInsight */;
		};
/* End PBXFileSystemSynchronizedBuildFileExceptionSet section */

/* Begin PBXFileSystemSynchronizedRootGroup section */
		A16B2E952EB2D861000F6D7B /* MLInsight */ = {
			isa = PBXFileSystemSynchronizedRootGroup;
			exceptions = (
				A1BA229E2EB2FECA00EC5EB5 /* Exceptions for "MLInsight" folder in "MLInsight" target */,
			);
			path = MLInsight;
			sourceTree = "<group>";
		};
		A16D5CC02EB2F65A009D1278 /* MLInsightTests */ = {
			isa = PBXFileSystemSynchronizedRootGroup;
			exceptions = (
				A16D5CC92EB2F66D009D1278 /* Exceptions for "MLInsightTests" folder in "MLInsightTests" target */,
			);
			path = MLInsightTests;
			sourceTree = "<group>";
		};
/* End PBXFileSystemSynchronizedRootGroup section */

/* Begin PBXFrameworksBuildPhase section */
		A16B2E902EB2D861000F6D7B /* Frameworks */ = {
			isa = PBXFrameworksBuildPhase;
			buildActionMask = 2147483647;
			files = (
				A1BA227A2EB2FE5800EC5EB5 /* MobileNetV2Package in Frameworks */,
				A198E9322EB2ED840035C56A /* SentimentAnalysisPackage in Frameworks */,
				A1A5BA3D2EC6608C0038101F /* TranslationPackage in Frameworks */,
				A15DB17C2EBEB09300442C62 /* AudioAnalysisPackage in Frameworks */,
				A16B2EC12EB2D9D6000F6D7B /* MobileNetV2Package in Frameworks */,
			);
			runOnlyForDeploymentPostprocessing = 0;
		};
		A16D5CBC2EB2F65A009D1278 /* Frameworks */ = {
			isa = PBXFrameworksBuildPhase;
			buildActionMask = 2147483647;
			files = (
				A1BA22A02EB3022000EC5EB5 /* XCTest.framework in Frameworks */,
			);
			runOnlyForDeploymentPostprocessing = 0;
		};
/* End PBXFrameworksBuildPhase section */

/* Begin PBXGroup section */
		A16B2E8A2EB2D861000F6D7B = {
			isa = PBXGroup;
			children = (
				A16B2E952EB2D861000F6D7B /* MLInsight */,
				A16D5CC02EB2F65A009D1278 /* MLInsightTests */,
				A16D5CCA2EB2F7B1009D1278 /* Frameworks */,
				A16B2E942EB2D861000F6D7B /* Products */,
			);
			sourceTree = "<group>";
		};
		A16B2E942EB2D861000F6D7B /* Products */ = {
			isa = PBXGroup;
			children = (
				A16B2E932EB2D861000F6D7B /* MLInsight.app */,
				A16D5CBF2EB2F65A009D1278 /* MLInsightTests.xctest */,
			);
			name = Products;
			sourceTree = "<group>";
		};
		A16D5CCA2EB2F7B1009D1278 /* Frameworks */ = {
			isa = PBXGroup;
			children = (
				A16D5CCB2EB2F7B1009D1278 /* XCTest.framework */,
			);
			name = Frameworks;
			sourceTree = "<group>";
		};
/* End PBXGroup section */

/* Begin PBXNativeTarget section */
		A16B2E922EB2D861000F6D7B /* MLInsight */ = {
			isa = PBXNativeTarget;
			buildConfigurationList = A16B2EB42EB2D861000F6D7B /* Build configuration list for PBXNativeTarget "MLInsight" */;
			buildPhases = (
				A16B2E8F2EB2D861000F6D7B /* Sources */,
				A16B2E902EB2D861000F6D7B /* Frameworks */,
				A16B2E912EB2D861000F6D7B /* Resources */,
			);
			buildRules = (
			);
			dependencies = (
			);
			fileSystemSynchronizedGroups = (
				A16B2E952EB2D861000F6D7B /* MLInsight */,
			);
			name = MLInsight;
			packageProductDependencies = (
				A16B2EBE2EB2D95B000F6D7B /* MobileNetV2Package */,
				A16B2EC02EB2D9D6000F6D7B /* MobileNetV2Package */,
				A198E9312EB2ED840035C56A /* SentimentAnalysisPackage */,
				A15DB17B2EBEB09300442C62 /* AudioAnalysisPackage */,
				A1A5BA3C2EC6608C0038101F /* TranslationPackage */,
			);
			productName = MLInsight;
			productReference = A16B2E932EB2D861000F6D7B /* MLInsight.app */;
			productType = "com.apple.product-type.application";
		};
		A16D5CBE2EB2F65A009D1278 /* MLInsightTests */ = {
			isa = PBXNativeTarget;
			buildConfigurationList = A16D5CC52EB2F65A009D1278 /* Build configuration list for PBXNativeTarget "MLInsightTests" */;
			buildPhases = (
				A16D5CBB2EB2F65A009D1278 /* Sources */,
				A16D5CBC2EB2F65A009D1278 /* Frameworks */,
				A16D5CBD2EB2F65A009D1278 /* Resources */,
			);
			buildRules = (
			);
			dependencies = (
				A16D5CC42EB2F65A009D1278 /* PBXTargetDependency */,
			);
			fileSystemSynchronizedGroups = (
				A16D5CC02EB2F65A009D1278 /* MLInsightTests */,
			);
			name = MLInsightTests;
			packageProductDependencies = (
			);
			productName = nMLInsightTests;
			productReference = A16D5CBF2EB2F65A009D1278 /* MLInsightTests.xctest */;
			productType = "com.apple.product-type.bundle.unit-test";
		};
/* End PBXNativeTarget section */

/* Begin PBXProject section */
		A16B2E8B2EB2D861000F6D7B /* Project object */ = {
			isa = PBXProject;
			attributes = {
				BuildIndependentTargetsInParallel = 1;
				LastSwiftUpdateCheck = 1640;
				LastUpgradeCheck = 1640;
				TargetAttributes = {
					A16B2E922EB2D861000F6D7B = {
						CreatedOnToolsVersion = 16.4;
					};
					A16D5CBE2EB2F65A009D1278 = {
						CreatedOnToolsVersion = 16.4;
						TestTargetID = A16B2E922EB2D861000F6D7B;
					};
				};
			};
			buildConfigurationList = A16B2E8E2EB2D861000F6D7B /* Build configuration list for PBXProject "MLInsight" */;
			developmentRegion = en;
			hasScannedForEncodings = 0;
			knownRegions = (
				en,
				Base,
			);
			mainGroup = A16B2E8A2EB2D861000F6D7B;
			minimizedProjectReferenceProxies = 1;
			packageReferences = (
				A16B2EBD2EB2D95B000F6D7B /* XCLocalSwiftPackageReference "../MobileNetV2Package" */,
				A198E9302EB2ED840035C56A /* XCLocalSwiftPackageReference "../SentimentAnalysisPackage" */,
				A15DB17A2EBEB09300442C62 /* XCLocalSwiftPackageReference "Packages" */,
				A1A5BA3B2EC6608C0038101F /* XCLocalSwiftPackageReference "Packages/TranslationPackage" */,
			);
			preferredProjectObjectVersion = 77;
			productRefGroup = A16B2E942EB2D861000F6D7B /* Products */;
			projectDirPath = "";
			projectRoot = "";
			targets = (
				A16B2E922EB2D861000F6D7B /* MLInsight */,
				A16D5CBE2EB2F65A009D1278 /* MLInsightTests */,
			);
		};
/* End PBXProject section */

/* Begin PBXResourcesBuildPhase section */
		A16B2E912EB2D861000F6D7B /* Resources */ = {
			isa = PBXResourcesBuildPhase;
			buildActionMask = 2147483647;
			files = (
			);
			runOnlyForDeploymentPostprocessing = 0;
		};
		A16D5CBD2EB2F65A009D1278 /* Resources */ = {
			isa = PBXResourcesBuildPhase;
			buildActionMask = 2147483647;
			files = (
			);
			runOnlyForDeploymentPostprocessing = 0;
		};
/* End PBXResourcesBuildPhase section */

/* Begin PBXSourcesBuildPhase section */
		A16B2E8F2EB2D861000F6D7B /* Sources */ = {
			isa = PBXSourcesBuildPhase;
			buildActionMask = 2147483647;
			files = (
			);
			runOnlyForDeploymentPostprocessing = 0;
		};
		A16D5CBB2EB2F65A009D1278 /* Sources */ = {
			isa = PBXSourcesBuildPhase;
			buildActionMask = 2147483647;
			files = (
			);
			runOnlyForDeploymentPostprocessing = 0;
		};
/* End PBXSourcesBuildPhase section */

/* Begin PBXTargetDependency section */
		A16D5CC42EB2F65A009D1278 /* PBXTargetDependency */ = {
			isa = PBXTargetDependency;
			target = A16B2E922EB2D861000F6D7B /* MLInsight */;
			targetProxy = A16D5CC32EB2F65A009D1278 /* PBXContainerItemProxy */;
		};
/* End PBXTargetDependency section */

/* Begin XCBuildConfiguration section */
		A16B2EB22EB2D861000F6D7B /* Debug */ = {
			isa = XCBuildConfiguration;
			buildSettings = {
				ALWAYS_SEARCH_USER_PATHS = NO;
				ASSETCATALOG_COMPILER_GENERATE_SWIFT_ASSET_SYMBOL_EXTENSIONS = YES;
				CLANG_ANALYZER_NONNULL = YES;
				CLANG_ANALYZER_NUMBER_OBJECT_CONVERSION = YES_AGGRESSIVE;
				CLANG_CXX_LANGUAGE_STANDARD = "gnu++20";
				CLANG_ENABLE_MODULES = YES;
				CLANG_ENABLE_OBJC_ARC = YES;
				CLANG_ENABLE_OBJC_WEAK = YES;
				CLANG_WARN_BLOCK_CAPTURE_AUTORELEASING = YES;
				CLANG_WARN_BOOL_CONVERSION = YES;
				CLANG_WARN_COMMA = YES;
				CLANG_WARN_CONSTANT_CONVERSION = YES;
				CLANG_WARN_DEPRECATED_OBJC_IMPLEMENTATIONS = YES;
				CLANG_WARN_DIRECT_OBJC_ISA_USAGE = YES_ERROR;
				CLANG_WARN_DOCUMENTATION_COMMENTS = YES;
				CLANG_WARN_EMPTY_BODY = YES;
				CLANG_WARN_ENUM_CONVERSION = YES;
				CLANG_WARN_INFINITE_RECURSION = YES;
				CLANG_WARN_INT_CONVERSION = YES;
				CLANG_WARN_NON_LITERAL_NULL_CONVERSION = YES;
				CLANG_WARN_OBJC_IMPLICIT_RETAIN_SELF = YES;
				CLANG_WARN_OBJC_LITERAL_CONVERSION = YES;
				CLANG_WARN_OBJC_ROOT_CLASS = YES_ERROR;
				CLANG_WARN_QUOTED_INCLUDE_IN_FRAMEWORK_HEADER = YES;
				CLANG_WARN_RANGE_LOOP_ANALYSIS = YES;
				CLANG_WARN_STRICT_PROTOTYPES = YES;
				CLANG_WARN_SUSPICIOUS_MOVE = YES;
				CLANG_WARN_UNGUARDED_AVAILABILITY = YES_AGGRESSIVE;
				CLANG_WARN_UNREACHABLE_CODE = YES;
				CLANG_WARN__DUPLICATE_METHOD_MATCH = YES;
				COPY_PHASE_STRIP = NO;
				DEBUG_INFORMATION_FORMAT = dwarf;
				DEVELOPMENT_TEAM = 87543A78RY;
				ENABLE_STRICT_OBJC_MSGSEND = YES;
				ENABLE_TESTABILITY = YES;
				ENABLE_USER_SCRIPT_SANDBOXING = YES;
				GCC_C_LANGUAGE_STANDARD = gnu17;
				GCC_DYNAMIC_NO_PIC = NO;
				GCC_NO_COMMON_BLOCKS = YES;
				GCC_OPTIMIZATION_LEVEL = 0;
				GCC_PREPROCESSOR_DEFINITIONS = (
					"DEBUG=1",
					"$(inherited)",
				);
				GCC_WARN_64_TO_32_BIT_CONVERSION = YES;
				GCC_WARN_ABOUT_RETURN_TYPE = YES_ERROR;
				GCC_WARN_UNDECLARED_SELECTOR = YES;
				GCC_WARN_UNINITIALIZED_AUTOS = YES_AGGRESSIVE;
				GCC_WARN_UNUSED_FUNCTION = YES;
				GCC_WARN_UNUSED_VARIABLE = YES;
				IPHONEOS_DEPLOYMENT_TARGET = 18.5;
				LOCALIZATION_PREFERS_STRING_CATALOGS = YES;
				MTL_ENABLE_DEBUG_INFO = INCLUDE_SOURCE;
				MTL_FAST_MATH = YES;
				ONLY_ACTIVE_ARCH = YES;
				SDKROOT = iphoneos;
				SWIFT_ACTIVE_COMPILATION_CONDITIONS = "DEBUG $(inherited)";
				SWIFT_OPTIMIZATION_LEVEL = "-Onone";
			};
			name = Debug;
		};
		A16B2EB32EB2D861000F6D7B /* Release */ = {
			isa = XCBuildConfiguration;
			buildSettings = {
				ALWAYS_SEARCH_USER_PATHS = NO;
				ASSETCATALOG_COMPILER_GENERATE_SWIFT_ASSET_SYMBOL_EXTENSIONS = YES;
				CLANG_ANALYZER_NONNULL = YES;
				CLANG_ANALYZER_NUMBER_OBJECT_CONVERSION = YES_AGGRESSIVE;
				CLANG_CXX_LANGUAGE_STANDARD = "gnu++20";
				CLANG_ENABLE_MODULES = YES;
				CLANG_ENABLE_OBJC_ARC = YES;
				CLANG_ENABLE_OBJC_WEAK = YES;
				CLANG_WARN_BLOCK_CAPTURE_AUTORELEASING = YES;
				CLANG_WARN_BOOL_CONVERSION = YES;
				CLANG_WARN_COMMA = YES;
				CLANG_WARN_CONSTANT_CONVERSION = YES;
				CLANG_WARN_DEPRECATED_OBJC_IMPLEMENTATIONS = YES;
				CLANG_WARN_DIRECT_OBJC_ISA_USAGE = YES_ERROR;
				CLANG_WARN_DOCUMENTATION_COMMENTS = YES;
				CLANG_WARN_EMPTY_BODY = YES;
				CLANG_WARN_ENUM_CONVERSION = YES;
				CLANG_WARN_INFINITE_RECURSION = YES;
				CLANG_WARN_INT_CONVERSION = YES;
				CLANG_WARN_NON_LITERAL_NULL_CONVERSION = YES;
				CLANG_WARN_OBJC_IMPLICIT_RETAIN_SELF = YES;
				CLANG_WARN_OBJC_LITERAL_CONVERSION = YES;
				CLANG_WARN_OBJC_ROOT_CLASS = YES_ERROR;
				CLANG_WARN_QUOTED_INCLUDE_IN_FRAMEWORK_HEADER = YES;
				CLANG_WARN_RANGE_LOOP_ANALYSIS = YES;
				CLANG_WARN_STRICT_PROTOTYPES = YES;
				CLANG_WARN_SUSPICIOUS_MOVE = YES;
				CLANG_WARN_UNGUARDED_AVAILABILITY = YES_AGGRESSIVE;
				CLANG_WARN_UNREACHABLE_CODE = YES;
				CLANG_WARN__DUPLICATE_METHOD_MATCH = YES;
				COPY_PHASE_STRIP = NO;
				DEBUG_INFORMATION_FORMAT = "dwarf-with-dsym";
				DEVELOPMENT_TEAM = 87543A78RY;
				ENABLE_NS_ASSERTIONS = NO;
				ENABLE_STRICT_OBJC_MSGSEND = YES;
				ENABLE_USER_SCRIPT_SANDBOXING = YES;
				GCC_C_LANGUAGE_STANDARD = gnu17;
				GCC_NO_COMMON_BLOCKS = YES;
				GCC_WARN_64_TO_32_BIT_CONVERSION = YES;
				GCC_WARN_ABOUT_RETURN_TYPE = YES_ERROR;
				GCC_WARN_UNDECLARED_SELECTOR = YES;
				GCC_WARN_UNINITIALIZED_AUTOS = YES_AGGRESSIVE;
				GCC_WARN_UNUSED_FUNCTION = YES;
				GCC_WARN_UNUSED_VARIABLE = YES;
				IPHONEOS_DEPLOYMENT_TARGET = 18.5;
				LOCALIZATION_PREFERS_STRING_CATALOGS = YES;
				MTL_ENABLE_DEBUG_INFO = NO;
				MTL_FAST_MATH = YES;
				SDKROOT = iphoneos;
				SWIFT_COMPILATION_MODE = wholemodule;
				VALIDATE_PRODUCT = YES;
			};
			name = Release;
		};
		A16B2EB52EB2D861000F6D7B /* Debug */ = {
			isa = XCBuildConfiguration;
			buildSettings = {
				ASSETCATALOG_COMPILER_APPICON_NAME = AppIcon;
				ASSETCATALOG_COMPILER_GLOBAL_ACCENT_COLOR_NAME = AccentColor;
				CODE_SIGN_STYLE = Automatic;
				CURRENT_PROJECT_VERSION = 1;
				DEVELOPMENT_TEAM = 87543A78RY;
				ENABLE_PREVIEWS = YES;
				GENERATE_INFOPLIST_FILE = YES;
				INFOPLIST_FILE = MLInsight/Info.plist;
				INFOPLIST_KEY_UIApplicationSceneManifest_Generation = YES;
				INFOPLIST_KEY_UIApplicationSupportsIndirectInputEvents = YES;
				INFOPLIST_KEY_UILaunchScreen_Generation = YES;
				INFOPLIST_KEY_UISupportedInterfaceOrientations_iPad = "UIInterfaceOrientationPortrait UIInterfaceOrientationPortraitUpsideDown UIInterfaceOrientationLandscapeLeft UIInterfaceOrientationLandscapeRight";
				INFOPLIST_KEY_UISupportedInterfaceOrientations_iPhone = "UIInterfaceOrientationPortrait UIInterfaceOrientationLandscapeLeft UIInterfaceOrientationLandscapeRight";
				IPHONEOS_DEPLOYMENT_TARGET = 16.6;
				LD_RUNPATH_SEARCH_PATHS = (
					"$(inherited)",
					"@executable_path/Frameworks",
				);
				MARKETING_VERSION = 1.0;
				PRODUCT_BUNDLE_IDENTIFIER = com.blackmagic.MLInsight;
				PRODUCT_NAME = "$(TARGET_NAME)";
				SWIFT_EMIT_LOC_STRINGS = YES;
				SWIFT_VERSION = 5.0;
				TARGETED_DEVICE_FAMILY = "1,2";
			};
			name = Debug;
		};
		A16B2EB62EB2D861000F6D7B /* Release */ = {
			isa = XCBuildConfiguration;
			buildSettings = {
				ASSETCATALOG_COMPILER_APPICON_NAME = AppIcon;
				ASSETCATALOG_COMPILER_GLOBAL_ACCENT_COLOR_NAME = AccentColor;
				CODE_SIGN_STYLE = Automatic;
				CURRENT_PROJECT_VERSION = 1;
				DEVELOPMENT_TEAM = 87543A78RY;
				ENABLE_PREVIEWS = YES;
				GENERATE_INFOPLIST_FILE = YES;
				INFOPLIST_FILE = MLInsight/Info.plist;
				INFOPLIST_KEY_UIApplicationSceneManifest_Generation = YES;
				INFOPLIST_KEY_UIApplicationSupportsIndirectInputEvents = YES;
				INFOPLIST_KEY_UILaunchScreen_Generation = YES;
				INFOPLIST_KEY_UISupportedInterfaceOrientations_iPad = "UIInterfaceOrientationPortrait UIInterfaceOrientationPortraitUpsideDown UIInterfaceOrientationLandscapeLeft UIInterfaceOrientationLandscapeRight";
				INFOPLIST_KEY_UISupportedInterfaceOrientations_iPhone = "UIInterfaceOrientationPortrait UIInterfaceOrientationLandscapeLeft UIInterfaceOrientationLandscapeRight";
				IPHONEOS_DEPLOYMENT_TARGET = 16.6;
				LD_RUNPATH_SEARCH_PATHS = (
					"$(inherited)",
					"@executable_path/Frameworks",
				);
				MARKETING_VERSION = 1.0;
				PRODUCT_BUNDLE_IDENTIFIER = com.blackmagic.MLInsight;
				PRODUCT_NAME = "$(TARGET_NAME)";
				SWIFT_EMIT_LOC_STRINGS = YES;
				SWIFT_VERSION = 5.0;
				TARGETED_DEVICE_FAMILY = "1,2";
			};
			name = Release;
		};
		A16D5CC62EB2F65A009D1278 /* Debug */ = {
			isa = XCBuildConfiguration;
			buildSettings = {
				BUNDLE_LOADER = "$(TEST_HOST)";
				CODE_SIGN_STYLE = Automatic;
				CURRENT_PROJECT_VERSION = 1;
				DEVELOPMENT_TEAM = 87543A78RY;
				GENERATE_INFOPLIST_FILE = YES;
				INFOPLIST_FILE = MLInsightTests/Info.plist;
				MARKETING_VERSION = 1.0;
				PRODUCT_BUNDLE_IDENTIFIER = com.blackmagic.nMLInsightTests;
				PRODUCT_NAME = "$(TARGET_NAME)";
				SWIFT_EMIT_LOC_STRINGS = NO;
				SWIFT_VERSION = 5.0;
				TARGETED_DEVICE_FAMILY = "1,2";
				TEST_HOST = "$(BUILT_PRODUCTS_DIR)/MLInsight.app/$(BUNDLE_EXECUTABLE_FOLDER_PATH)/MLInsight";
			};
			name = Debug;
		};
		A16D5CC72EB2F65A009D1278 /* Release */ = {
			isa = XCBuildConfiguration;
			buildSettings = {
				BUNDLE_LOADER = "$(TEST_HOST)";
				CODE_SIGN_STYLE = Automatic;
				CURRENT_PROJECT_VERSION = 1;
				DEVELOPMENT_TEAM = 87543A78RY;
				GENERATE_INFOPLIST_FILE = YES;
				INFOPLIST_FILE = MLInsightTests/Info.plist;
				MARKETING_VERSION = 1.0;
				PRODUCT_BUNDLE_IDENTIFIER = com.blackmagic.nMLInsightTests;
				PRODUCT_NAME = "$(TARGET_NAME)";
				SWIFT_EMIT_LOC_STRINGS = NO;
				SWIFT_VERSION = 5.0;
				TARGETED_DEVICE_FAMILY = "1,2";
				TEST_HOST = "$(BUILT_PRODUCTS_DIR)/MLInsight.app/$(BUNDLE_EXECUTABLE_FOLDER_PATH)/MLInsight";
			};
			name = Release;
		};
/* End XCBuildConfiguration section */

/* Begin XCConfigurationList section */
		A16B2E8E2EB2D861000F6D7B /* Build configuration list for PBXProject "MLInsight" */ = {
			isa = XCConfigurationList;
			buildConfigurations = (
				A16B2EB22EB2D861000F6D7B /* Debug */,
				A16B2EB32EB2D861000F6D7B /* Release */,
			);
			defaultConfigurationIsVisible = 0;
			defaultConfigurationName = Release;
		};
		A16B2EB42EB2D861000F6D7B /* Build configuration list for PBXNativeTarget "MLInsight" */ = {
			isa = XCConfigurationList;
			buildConfigurations = (
				A16B2EB52EB2D861000F6D7B /* Debug */,
				A16B2EB62EB2D861000F6D7B /* Release */,
			);
			defaultConfigurationIsVisible = 0;
			defaultConfigurationName = Release;
		};
		A16D5CC52EB2F65A009D1278 /* Build configuration list for PBXNativeTarget "MLInsightTests" */ = {
			isa = XCConfigurationList;
			buildConfigurations = (
				A16D5CC62EB2F65A009D1278 /* Debug */,
				A16D5CC72EB2F65A009D1278 /* Release */,
			);
			defaultConfigurationIsVisible = 0;
			defaultConfigurationName = Release;
		};
/* End XCConfigurationList section */

/* Begin XCLocalSwiftPackageReference section */
		A15DB17A2EBEB09300442C62 /* XCLocalSwiftPackageReference "Packages" */ = {
			isa = XCLocalSwiftPackageReference;
			relativePath = Packages;
		};
		A16B2EBD2EB2D95B000F6D7B /* XCLocalSwiftPackageReference "../MobileNetV2Package" */ = {
			isa = XCLocalSwiftPackageReference;
			relativePath = ../MobileNetV2Package;
		};
		A198E9302EB2ED840035C56A /* XCLocalSwiftPackageReference "../SentimentAnalysisPackage" */ = {
			isa = XCLocalSwiftPackageReference;
			relativePath = ../SentimentAnalysisPackage;
		};
		A1A5BA3B2EC6608C0038101F /* XCLocalSwiftPackageReference "Packages/TranslationPackage" */ = {
			isa = XCLocalSwiftPackageReference;
			relativePath = Packages/TranslationPackage;
		};
/* End XCLocalSwiftPackageReference section */

/* Begin XCSwiftPackageProductDependency section */
		A15DB17B2EBEB09300442C62 /* AudioAnalysisPackage */ = {
			isa = XCSwiftPackageProductDependency;
			productName = AudioAnalysisPackage;
		};
		A16B2EBE2EB2D95B000F6D7B /* MobileNetV2Package */ = {
			isa = XCSwiftPackageProductDependency;
			productName = MobileNetV2Package;
		};
		A16B2EC02EB2D9D6000F6D7B /* MobileNetV2Package */ = {
			isa = XCSwiftPackageProductDependency;
			productName = MobileNetV2Package;
		};
		A198E9312EB2ED840035C56A /* SentimentAnalysisPackage */ = {
			isa = XCSwiftPackageProductDependency;
			productName = SentimentAnalysisPackage;
		};
		A1A5BA3C2EC6608C0038101F /* TranslationPackage */ = {
			isa = XCSwiftPackageProductDependency;
			productName = TranslationPackage;
		};
/* End XCSwiftPackageProductDependency section */
	};
	rootObject = A16B2E8B2EB2D861000F6D7B /* Project object */;
}
